
Microsoft Visual Studio Solution File, Format Version 12.00
# Visual Studio 14
VisualStudioVersion = 14.0.25420.1
MinimumVisualStudioVersion = 10.0.40219.1
Project("{FAE04EC0-301F-11D3-BF4B-00C04F79EFBC}") = "NRasterizer.Tests", "NRasterizer.Tests\NRasterizer.Tests.csproj", "{FC36D8CB-3B6C-4078-AAE0-68A4223BB2C4}"
EndProject
Project("{FAE04EC0-301F-11D3-BF4B-00C04F79EFBC}") = "NRasterizer.CLI", "NRasterizer.CLI\NRasterizer.CLI.csproj", "{8FD65B63-92A2-4868-AC93-19E385DF76C6}"
EndProject
Project("{FAE04EC0-301F-11D3-BF4B-00C04F79EFBC}") = "NOpenType", "NOpenType\NOpenType.csproj", "{4F74A90E-C244-4B7C-98E4-72C1622517FC}"
EndProject
Global
	GlobalSection(SolutionConfigurationPlatforms) = preSolution
		Debug|Any CPU = Debug|Any CPU
		Release|Any CPU = Release|Any CPU
	EndGlobalSection
	GlobalSection(ProjectConfigurationPlatforms) = postSolution
		{FC36D8CB-3B6C-4078-AAE0-68A4223BB2C4}.Debug|Any CPU.ActiveCfg = Debug|Any CPU
		{FC36D8CB-3B6C-4078-AAE0-68A4223BB2C4}.Debug|Any CPU.Build.0 = Debug|Any CPU
		{FC36D8CB-3B6C-4078-AAE0-68A4223BB2C4}.Release|Any CPU.ActiveCfg = Release|Any CPU
		{FC36D8CB-3B6C-4078-AAE0-68A4223BB2C4}.Release|Any CPU.Build.0 = Release|Any CPU
		{8FD65B63-92A2-4868-AC93-19E385DF76C6}.Debug|Any CPU.ActiveCfg = Debug|Any CPU
		{8FD65B63-92A2-4868-AC93-19E385DF76C6}.Debug|Any CPU.Build.0 = Debug|Any CPU
		{8FD65B63-92A2-4868-AC93-19E385DF76C6}.Release|Any CPU.ActiveCfg = Release|Any CPU
		{8FD65B63-92A2-4868-AC93-19E385DF76C6}.Release|Any CPU.Build.0 = Release|Any CPU
		{4F74A90E-C244-4B7C-98E4-72C1622517FC}.Debug|Any CPU.ActiveCfg = Debug|Any CPU
		{4F74A90E-C244-4B7C-98E4-72C1622517FC}.Debug|Any CPU.Build.0 = Debug|Any CPU
		{4F74A90E-C244-4B7C-98E4-72C1622517FC}.Release|Any CPU.ActiveCfg = Release|Any CPU
		{4F74A90E-C244-4B7C-98E4-72C1622517FC}.Release|Any CPU.Build.0 = Release|Any CPU
	EndGlobalSection
	GlobalSection(SolutionProperties) = preSolution
		HideSolutionNode = FALSE
	EndGlobalSection
EndGlobal
