
Microsoft Visual Studio Solution File, Format Version 12.00
# Visual Studio 14
VisualStudioVersion = 14.0.25420.1
MinimumVisualStudioVersion = 10.0.40219.1
Project("{FAE04EC0-301F-11D3-BF4B-00C04F79EFBC}") = "NOpenType", "NOpenType\NOpenType.csproj", "{5BD9866C-9022-4AD8-BB96-EFED35C8324F}"
EndProject
Project("{FAE04EC0-301F-11D3-BF4B-00C04F79EFBC}") = "NRasterizer.Tests", "NRasterizer.Tests\NRasterizer.Tests.csproj", "{FC36D8CB-3B6C-4078-AAE0-68A4223BB2C4}"
EndProject
Project("{FAE04EC0-301F-11D3-BF4B-00C04F79EFBC}") = "NRasterizer.CLI", "NRasterizer.CLI\NRasterizer.CLI.csproj", "{8FD65B63-92A2-4868-AC93-19E385DF76C6}"
EndProject
Project("{FAE04EC0-301F-11D3-BF4B-00C04F79EFBC}") = "NRasterizer", "NRasterizer\NRasterizer.csproj", "{D94FA8B6-497B-4FF9-A68D-27B807E69C4E}"
EndProject
Project("{2150E333-8FDC-42A3-9474-1A3956D46DE8}") = "Solution Items", "Solution Items", "{E6AC607C-A66B-45DA-B91D-B82B085EC352}"
	ProjectSection(SolutionItems) = preProject
		.travis.yml = .travis.yml
	EndProjectSection
EndProject
Project("{D954291E-2A0B-460D-934E-DC6B0785DB48}") = "NOpenType.Shared", "NOpenType.Shared\NOpenType.Shared.shproj", "{1374BFCB-5357-4E5C-87D2-B0A176F4F757}"
EndProject
Project("{FAE04EC0-301F-11D3-BF4B-00C04F79EFBC}") = "NOpenType.NetStandard", "NOpenType.NetStandard\NOpenType.NetStandard.csproj", "{4F74A90E-C244-4B7C-98E4-72C1622517FC}"
EndProject
Global
	GlobalSection(SharedMSBuildProjectFiles) = preSolution
		NOpenType.Shared\NOpenType.Shared.projitems*{1374bfcb-5357-4e5c-87d2-b0a176f4f757}*SharedItemsImports = 13
		NOpenType.Shared\NOpenType.Shared.projitems*{4f74a90e-c244-4b7c-98e4-72c1622517fc}*SharedItemsImports = 4
		NOpenType.Shared\NOpenType.Shared.projitems*{5bd9866c-9022-4ad8-bb96-efed35c8324f}*SharedItemsImports = 4
	EndGlobalSection
	GlobalSection(SolutionConfigurationPlatforms) = preSolution
		Debug|Any CPU = Debug|Any CPU
		Release|Any CPU = Release|Any CPU
	EndGlobalSection
	GlobalSection(ProjectConfigurationPlatforms) = postSolution
		{5BD9866C-9022-4AD8-BB96-EFED35C8324F}.Debug|Any CPU.ActiveCfg = Debug|Any CPU
		{5BD9866C-9022-4AD8-BB96-EFED35C8324F}.Debug|Any CPU.Build.0 = Debug|Any CPU
		{5BD9866C-9022-4AD8-BB96-EFED35C8324F}.Release|Any CPU.ActiveCfg = Release|Any CPU
		{5BD9866C-9022-4AD8-BB96-EFED35C8324F}.Release|Any CPU.Build.0 = Release|Any CPU
		{FC36D8CB-3B6C-4078-AAE0-68A4223BB2C4}.Debug|Any CPU.ActiveCfg = Debug|Any CPU
		{FC36D8CB-3B6C-4078-AAE0-68A4223BB2C4}.Debug|Any CPU.Build.0 = Debug|Any CPU
		{FC36D8CB-3B6C-4078-AAE0-68A4223BB2C4}.Release|Any CPU.ActiveCfg = Release|Any CPU
		{FC36D8CB-3B6C-4078-AAE0-68A4223BB2C4}.Release|Any CPU.Build.0 = Release|Any CPU
		{8FD65B63-92A2-4868-AC93-19E385DF76C6}.Debug|Any CPU.ActiveCfg = Debug|Any CPU
		{8FD65B63-92A2-4868-AC93-19E385DF76C6}.Debug|Any CPU.Build.0 = Debug|Any CPU
		{8FD65B63-92A2-4868-AC93-19E385DF76C6}.Release|Any CPU.ActiveCfg = Release|Any CPU
		{8FD65B63-92A2-4868-AC93-19E385DF76C6}.Release|Any CPU.Build.0 = Release|Any CPU
		{D94FA8B6-497B-4FF9-A68D-27B807E69C4E}.Debug|Any CPU.ActiveCfg = Debug|Any CPU
		{D94FA8B6-497B-4FF9-A68D-27B807E69C4E}.Debug|Any CPU.Build.0 = Debug|Any CPU
		{D94FA8B6-497B-4FF9-A68D-27B807E69C4E}.Release|Any CPU.ActiveCfg = Release|Any CPU
		{D94FA8B6-497B-4FF9-A68D-27B807E69C4E}.Release|Any CPU.Build.0 = Release|Any CPU
		{4F74A90E-C244-4B7C-98E4-72C1622517FC}.Debug|Any CPU.ActiveCfg = Debug|Any CPU
		{4F74A90E-C244-4B7C-98E4-72C1622517FC}.Debug|Any CPU.Build.0 = Debug|Any CPU
		{4F74A90E-C244-4B7C-98E4-72C1622517FC}.Release|Any CPU.ActiveCfg = Release|Any CPU
		{4F74A90E-C244-4B7C-98E4-72C1622517FC}.Release|Any CPU.Build.0 = Release|Any CPU
	EndGlobalSection
	GlobalSection(SolutionProperties) = preSolution
		HideSolutionNode = FALSE
	EndGlobalSection
EndGlobal
